{
  "object": {
    "pins": [
      {
        "package": "CoronaErrors",
        "repositoryURL": "https://github.com/CooperCorona/CoronaErrors.git",
        "state": {
          "branch": null,
          "revision": "6408325d794c499a470d3009b9e67aaec0bd5831",
          "version": "2.0.3"
        }
      },
      {
        "package": "CoronaMath",
        "repositoryURL": "https://github.com/CooperCorona/CoronaMath.git",
        "state": {
          "branch": "Swift4.1.3",
          "revision": "597de60902ef038e01e4089239e6cb02bc4577ea",
          "version": null
        }
      }
    ]
  },
  "version": 1
}
